
Microsoft Visual Studio Solution File, Format Version 12.00
# Visual Studio Version 17
VisualStudioVersion = 17.8.34525.116
MinimumVisualStudioVersion = 10.0.40219.1
Project("{9A19103F-16F7-4668-BE54-9A1E7A4F7556}") = "BigchainDriverSample", "BigchainDriverSample\BigchainDriverSample.csproj", "{FE90B471-6139-44D9-AD0E-3CD3C7EA70F6}"
EndProject
Project("{FAE04EC0-301F-11D3-BF4B-00C04F79EFBC}") = "PlanetmintDriver", "PlanetmintDriver\PlanetmintDriver.csproj", "{82D509F0-B68A-4317-B35D-1EB6AE2D3541}"
EndProject
Global
	GlobalSection(SolutionConfigurationPlatforms) = preSolution
		Debug|Any CPU = Debug|Any CPU
		Release|Any CPU = Release|Any CPU
	EndGlobalSection
	GlobalSection(ProjectConfigurationPlatforms) = postSolution
		{FE90B471-6139-44D9-AD0E-3CD3C7EA70F6}.Debug|Any CPU.ActiveCfg = Debug|Any CPU
		{FE90B471-6139-44D9-AD0E-3CD3C7EA70F6}.Debug|Any CPU.Build.0 = Debug|Any CPU
		{FE90B471-6139-44D9-AD0E-3CD3C7EA70F6}.Release|Any CPU.ActiveCfg = Release|Any CPU
		{FE90B471-6139-44D9-AD0E-3CD3C7EA70F6}.Release|Any CPU.Build.0 = Release|Any CPU
		{82D509F0-B68A-4317-B35D-1EB6AE2D3541}.Debug|Any CPU.ActiveCfg = Debug|Any CPU
		{82D509F0-B68A-4317-B35D-1EB6AE2D3541}.Debug|Any CPU.Build.0 = Debug|Any CPU
		{82D509F0-B68A-4317-B35D-1EB6AE2D3541}.Release|Any CPU.ActiveCfg = Release|Any CPU
		{82D509F0-B68A-4317-B35D-1EB6AE2D3541}.Release|Any CPU.Build.0 = Release|Any CPU
	EndGlobalSection
	GlobalSection(SolutionProperties) = preSolution
		HideSolutionNode = FALSE
	EndGlobalSection
	GlobalSection(ExtensibilityGlobals) = postSolution
		SolutionGuid = {11F966F1-159F-4A1E-90BB-F68A2188029A}
	EndGlobalSection
EndGlobal
